
Microsoft Visual Studio Solution File, Format Version 12.00
# Visual Studio 15
VisualStudioVersion = 15.0.28307.102
MinimumVisualStudioVersion = 10.0.40219.1
Project("{FAE04EC0-301F-11D3-BF4B-00C04F79EFBC}") = "ComRoverV1", "ComRoverV1\ComRoverV1.csproj", "{15615129-F2C3-41F9-915F-C01937F99DA7}"
EndProject
Global
	GlobalSection(SolutionConfigurationPlatforms) = preSolution
		Debug|Any CPU = Debug|Any CPU
		Release|Any CPU = Release|Any CPU
	EndGlobalSection
	GlobalSection(ProjectConfigurationPlatforms) = postSolution
		{15615129-F2C3-41F9-915F-C01937F99DA7}.Debug|Any CPU.ActiveCfg = Debug|Any CPU
		{15615129-F2C3-41F9-915F-C01937F99DA7}.Debug|Any CPU.Build.0 = Debug|Any CPU
		{15615129-F2C3-41F9-915F-C01937F99DA7}.Release|Any CPU.ActiveCfg = Release|Any CPU
		{15615129-F2C3-41F9-915F-C01937F99DA7}.Release|Any CPU.Build.0 = Release|Any CPU
	EndGlobalSection
	GlobalSection(SolutionProperties) = preSolution
		HideSolutionNode = FALSE
	EndGlobalSection
	GlobalSection(ExtensibilityGlobals) = postSolution
		SolutionGuid = {8E8E1C02-3ED3-4AE8-AE27-0A33FB0B413E}
	EndGlobalSection
EndGlobal
